
Microsoft Visual Studio Solution File, Format Version 12.00
# Visual Studio Version 17
VisualStudioVersion = 17.14.36327.8
MinimumVisualStudioVersion = 10.0.40219.1
Project("{FAE04EC0-301F-11D3-BF4B-00C04F79EFBC}") = "AlgorithmicBacktestingEngine", "AlgorithmicBacktestingEngine\AlgorithmicBacktestingEngine.csproj", "{1DCC33D4-5223-4E07-BACA-9B8554D225D2}"
EndProject
Project("{FAE04EC0-301F-11D3-BF4B-00C04F79EFBC}") = "AlgorithmicBacktestingEngine.tests", "AlgorithmicBacktestingEngine.tests\AlgorithmicBacktestingEngine.tests.csproj", "{39F8DE29-C56B-4AC1-84AB-28A1DD3E8E42}"
EndProject
Project("{FAE04EC0-301F-11D3-BF4B-00C04F79EFBC}") = "AlgorithmicBacktestingEngineBridge", "AlgorithmicBacktestingEngineBridge\AlgorithmicBacktestingEngineBridge.csproj", "{A776F851-41D5-4C4F-912F-D1627FF6F54F}"
EndProject
Global
	GlobalSection(SolutionConfigurationPlatforms) = preSolution
		Debug|Any CPU = Debug|Any CPU
		Release|Any CPU = Release|Any CPU
	EndGlobalSection
	GlobalSection(ProjectConfigurationPlatforms) = postSolution
		{1DCC33D4-5223-4E07-BACA-9B8554D225D2}.Debug|Any CPU.ActiveCfg = Debug|Any CPU
		{1DCC33D4-5223-4E07-BACA-9B8554D225D2}.Debug|Any CPU.Build.0 = Debug|Any CPU
		{1DCC33D4-5223-4E07-BACA-9B8554D225D2}.Release|Any CPU.ActiveCfg = Release|Any CPU
		{1DCC33D4-5223-4E07-BACA-9B8554D225D2}.Release|Any CPU.Build.0 = Release|Any CPU
		{39F8DE29-C56B-4AC1-84AB-28A1DD3E8E42}.Debug|Any CPU.ActiveCfg = Debug|Any CPU
		{39F8DE29-C56B-4AC1-84AB-28A1DD3E8E42}.Debug|Any CPU.Build.0 = Debug|Any CPU
		{39F8DE29-C56B-4AC1-84AB-28A1DD3E8E42}.Release|Any CPU.ActiveCfg = Release|Any CPU
		{39F8DE29-C56B-4AC1-84AB-28A1DD3E8E42}.Release|Any CPU.Build.0 = Release|Any CPU
		{A776F851-41D5-4C4F-912F-D1627FF6F54F}.Debug|Any CPU.ActiveCfg = Debug|Any CPU
		{A776F851-41D5-4C4F-912F-D1627FF6F54F}.Debug|Any CPU.Build.0 = Debug|Any CPU
		{A776F851-41D5-4C4F-912F-D1627FF6F54F}.Release|Any CPU.ActiveCfg = Release|Any CPU
		{A776F851-41D5-4C4F-912F-D1627FF6F54F}.Release|Any CPU.Build.0 = Release|Any CPU
	EndGlobalSection
	GlobalSection(SolutionProperties) = preSolution
		HideSolutionNode = FALSE
	EndGlobalSection
	GlobalSection(ExtensibilityGlobals) = postSolution
		SolutionGuid = {65545863-F40A-4C7C-93AC-81830211DF1F}
	EndGlobalSection
EndGlobal
